
Microsoft Visual Studio Solution File, Format Version 12.00
# Visual Studio Version 17
VisualStudioVersion = 17.1.32414.318
MinimumVisualStudioVersion = 10.0.40219.1
Project("{FAE04EC0-301F-11D3-BF4B-00C04F79EFBC}") = "WebCineMVC", "WebApplication1\WebCineMVC.csproj", "{D2CA8D07-9EB6-4BE1-8F0A-817DB2406A40}"
EndProject
Global
	GlobalSection(SolutionConfigurationPlatforms) = preSolution
		Debug|Any CPU = Debug|Any CPU
		Release|Any CPU = Release|Any CPU
	EndGlobalSection
	GlobalSection(ProjectConfigurationPlatforms) = postSolution
		{D2CA8D07-9EB6-4BE1-8F0A-817DB2406A40}.Debug|Any CPU.ActiveCfg = Debug|Any CPU
		{D2CA8D07-9EB6-4BE1-8F0A-817DB2406A40}.Debug|Any CPU.Build.0 = Debug|Any CPU
		{D2CA8D07-9EB6-4BE1-8F0A-817DB2406A40}.Release|Any CPU.ActiveCfg = Release|Any CPU
		{D2CA8D07-9EB6-4BE1-8F0A-817DB2406A40}.Release|Any CPU.Build.0 = Release|Any CPU
	EndGlobalSection
	GlobalSection(SolutionProperties) = preSolution
		HideSolutionNode = FALSE
	EndGlobalSection
	GlobalSection(ExtensibilityGlobals) = postSolution
		SolutionGuid = {68DA945A-F53C-4D0E-BFBA-BD1DF79305B5}
	EndGlobalSection
EndGlobal
